
Microsoft Visual Studio Solution File, Format Version 12.00
# Visual Studio Version 17
VisualStudioVersion = 17.14.36119.2 d17.14
MinimumVisualStudioVersion = 10.0.40219.1
Project("{FAE04EC0-301F-11D3-BF4B-00C04F79EFBC}") = "ClientToDatabaseUpdater", "ClientToDatabaseUpdater\ClientToDatabaseUpdater.csproj", "{46D1A1B5-66F4-4847-B86C-53D06C547691}"
EndProject
Global
	GlobalSection(SolutionConfigurationPlatforms) = preSolution
		Debug|Any CPU = Debug|Any CPU
		Release|Any CPU = Release|Any CPU
	EndGlobalSection
	GlobalSection(ProjectConfigurationPlatforms) = postSolution
		{46D1A1B5-66F4-4847-B86C-53D06C547691}.Debug|Any CPU.ActiveCfg = Debug|Any CPU
		{46D1A1B5-66F4-4847-B86C-53D06C547691}.Debug|Any CPU.Build.0 = Debug|Any CPU
		{46D1A1B5-66F4-4847-B86C-53D06C547691}.Release|Any CPU.ActiveCfg = Release|Any CPU
		{46D1A1B5-66F4-4847-B86C-53D06C547691}.Release|Any CPU.Build.0 = Release|Any CPU
	EndGlobalSection
	GlobalSection(SolutionProperties) = preSolution
		HideSolutionNode = FALSE
	EndGlobalSection
	GlobalSection(ExtensibilityGlobals) = postSolution
		SolutionGuid = {EE165E4E-AB7F-4878-9E1E-B8CF0B9FCD64}
	EndGlobalSection
EndGlobal
